
Microsoft Visual Studio Solution File, Format Version 12.00
# Visual Studio 15
VisualStudioVersion = 15.0.26124.0
MinimumVisualStudioVersion = 15.0.26124.0
Project("{FAE04EC0-301F-11D3-BF4B-00C04F79EFBC}") = "MyMusic.Api", "MyMusic.Api\MyMusic.Api.csproj", "{1E41D213-2871-47BF-B45D-8EB97F5B82F5}"
EndProject
Project("{FAE04EC0-301F-11D3-BF4B-00C04F79EFBC}") = "MyMusic.Core", "MyMusic.Core\MyMusic.Core.csproj", "{E8D88115-46E0-4E4B-A235-55A10CDD5F6C}"
EndProject
Project("{FAE04EC0-301F-11D3-BF4B-00C04F79EFBC}") = "MyMusic.Data", "MyMusic.Data\MyMusic.Data.csproj", "{0D146D80-336D-46D4-AC0F-8EA77260A05E}"
EndProject
Project("{FAE04EC0-301F-11D3-BF4B-00C04F79EFBC}") = "MyMusic.Services", "MyMusic.Services\MyMusic.Services.csproj", "{69CB0970-CDBA-4DFF-991E-38A4AD100FC8}"
EndProject
Global
	GlobalSection(SolutionConfigurationPlatforms) = preSolution
		Debug|Any CPU = Debug|Any CPU
		Debug|x64 = Debug|x64
		Debug|x86 = Debug|x86
		Release|Any CPU = Release|Any CPU
		Release|x64 = Release|x64
		Release|x86 = Release|x86
	EndGlobalSection
	GlobalSection(SolutionProperties) = preSolution
		HideSolutionNode = FALSE
	EndGlobalSection
	GlobalSection(ProjectConfigurationPlatforms) = postSolution
		{1E41D213-2871-47BF-B45D-8EB97F5B82F5}.Debug|Any CPU.ActiveCfg = Debug|Any CPU
		{1E41D213-2871-47BF-B45D-8EB97F5B82F5}.Debug|Any CPU.Build.0 = Debug|Any CPU
		{1E41D213-2871-47BF-B45D-8EB97F5B82F5}.Debug|x64.ActiveCfg = Debug|Any CPU
		{1E41D213-2871-47BF-B45D-8EB97F5B82F5}.Debug|x64.Build.0 = Debug|Any CPU
		{1E41D213-2871-47BF-B45D-8EB97F5B82F5}.Debug|x86.ActiveCfg = Debug|Any CPU
		{1E41D213-2871-47BF-B45D-8EB97F5B82F5}.Debug|x86.Build.0 = Debug|Any CPU
		{1E41D213-2871-47BF-B45D-8EB97F5B82F5}.Release|Any CPU.ActiveCfg = Release|Any CPU
		{1E41D213-2871-47BF-B45D-8EB97F5B82F5}.Release|Any CPU.Build.0 = Release|Any CPU
		{1E41D213-2871-47BF-B45D-8EB97F5B82F5}.Release|x64.ActiveCfg = Release|Any CPU
		{1E41D213-2871-47BF-B45D-8EB97F5B82F5}.Release|x64.Build.0 = Release|Any CPU
		{1E41D213-2871-47BF-B45D-8EB97F5B82F5}.Release|x86.ActiveCfg = Release|Any CPU
		{1E41D213-2871-47BF-B45D-8EB97F5B82F5}.Release|x86.Build.0 = Release|Any CPU
		{E8D88115-46E0-4E4B-A235-55A10CDD5F6C}.Debug|Any CPU.ActiveCfg = Debug|Any CPU
		{E8D88115-46E0-4E4B-A235-55A10CDD5F6C}.Debug|Any CPU.Build.0 = Debug|Any CPU
		{E8D88115-46E0-4E4B-A235-55A10CDD5F6C}.Debug|x64.ActiveCfg = Debug|Any CPU
		{E8D88115-46E0-4E4B-A235-55A10CDD5F6C}.Debug|x64.Build.0 = Debug|Any CPU
		{E8D88115-46E0-4E4B-A235-55A10CDD5F6C}.Debug|x86.ActiveCfg = Debug|Any CPU
		{E8D88115-46E0-4E4B-A235-55A10CDD5F6C}.Debug|x86.Build.0 = Debug|Any CPU
		{E8D88115-46E0-4E4B-A235-55A10CDD5F6C}.Release|Any CPU.ActiveCfg = Release|Any CPU
		{E8D88115-46E0-4E4B-A235-55A10CDD5F6C}.Release|Any CPU.Build.0 = Release|Any CPU
		{E8D88115-46E0-4E4B-A235-55A10CDD5F6C}.Release|x64.ActiveCfg = Release|Any CPU
		{E8D88115-46E0-4E4B-A235-55A10CDD5F6C}.Release|x64.Build.0 = Release|Any CPU
		{E8D88115-46E0-4E4B-A235-55A10CDD5F6C}.Release|x86.ActiveCfg = Release|Any CPU
		{E8D88115-46E0-4E4B-A235-55A10CDD5F6C}.Release|x86.Build.0 = Release|Any CPU
		{0D146D80-336D-46D4-AC0F-8EA77260A05E}.Debug|Any CPU.ActiveCfg = Debug|Any CPU
		{0D146D80-336D-46D4-AC0F-8EA77260A05E}.Debug|Any CPU.Build.0 = Debug|Any CPU
		{0D146D80-336D-46D4-AC0F-8EA77260A05E}.Debug|x64.ActiveCfg = Debug|Any CPU
		{0D146D80-336D-46D4-AC0F-8EA77260A05E}.Debug|x64.Build.0 = Debug|Any CPU
		{0D146D80-336D-46D4-AC0F-8EA77260A05E}.Debug|x86.ActiveCfg = Debug|Any CPU
		{0D146D80-336D-46D4-AC0F-8EA77260A05E}.Debug|x86.Build.0 = Debug|Any CPU
		{0D146D80-336D-46D4-AC0F-8EA77260A05E}.Release|Any CPU.ActiveCfg = Release|Any CPU
		{0D146D80-336D-46D4-AC0F-8EA77260A05E}.Release|Any CPU.Build.0 = Release|Any CPU
		{0D146D80-336D-46D4-AC0F-8EA77260A05E}.Release|x64.ActiveCfg = Release|Any CPU
		{0D146D80-336D-46D4-AC0F-8EA77260A05E}.Release|x64.Build.0 = Release|Any CPU
		{0D146D80-336D-46D4-AC0F-8EA77260A05E}.Release|x86.ActiveCfg = Release|Any CPU
		{0D146D80-336D-46D4-AC0F-8EA77260A05E}.Release|x86.Build.0 = Release|Any CPU
		{69CB0970-CDBA-4DFF-991E-38A4AD100FC8}.Debug|Any CPU.ActiveCfg = Debug|Any CPU
		{69CB0970-CDBA-4DFF-991E-38A4AD100FC8}.Debug|Any CPU.Build.0 = Debug|Any CPU
		{69CB0970-CDBA-4DFF-991E-38A4AD100FC8}.Debug|x64.ActiveCfg = Debug|Any CPU
		{69CB0970-CDBA-4DFF-991E-38A4AD100FC8}.Debug|x64.Build.0 = Debug|Any CPU
		{69CB0970-CDBA-4DFF-991E-38A4AD100FC8}.Debug|x86.ActiveCfg = Debug|Any CPU
		{69CB0970-CDBA-4DFF-991E-38A4AD100FC8}.Debug|x86.Build.0 = Debug|Any CPU
		{69CB0970-CDBA-4DFF-991E-38A4AD100FC8}.Release|Any CPU.ActiveCfg = Release|Any CPU
		{69CB0970-CDBA-4DFF-991E-38A4AD100FC8}.Release|Any CPU.Build.0 = Release|Any CPU
		{69CB0970-CDBA-4DFF-991E-38A4AD100FC8}.Release|x64.ActiveCfg = Release|Any CPU
		{69CB0970-CDBA-4DFF-991E-38A4AD100FC8}.Release|x64.Build.0 = Release|Any CPU
		{69CB0970-CDBA-4DFF-991E-38A4AD100FC8}.Release|x86.ActiveCfg = Release|Any CPU
		{69CB0970-CDBA-4DFF-991E-38A4AD100FC8}.Release|x86.Build.0 = Release|Any CPU
	EndGlobalSection
EndGlobal
